
Microsoft Visual Studio Solution File, Format Version 12.00
# Visual Studio Version 17
VisualStudioVersion = 17.4.33213.308
MinimumVisualStudioVersion = 10.0.40219.1
Project("{FAE04EC0-301F-11D3-BF4B-00C04F79EFBC}") = "CSharp200proj_1", "CSharp200proj_1\CSharp200proj_1.csproj", "{AE6EDE63-6D43-40BA-9CB8-06042E4D27A5}"
EndProject
Global
	GlobalSection(SolutionConfigurationPlatforms) = preSolution
		Debug|Any CPU = Debug|Any CPU
		Release|Any CPU = Release|Any CPU
	EndGlobalSection
	GlobalSection(ProjectConfigurationPlatforms) = postSolution
		{AE6EDE63-6D43-40BA-9CB8-06042E4D27A5}.Debug|Any CPU.ActiveCfg = Debug|Any CPU
		{AE6EDE63-6D43-40BA-9CB8-06042E4D27A5}.Debug|Any CPU.Build.0 = Debug|Any CPU
		{AE6EDE63-6D43-40BA-9CB8-06042E4D27A5}.Release|Any CPU.ActiveCfg = Release|Any CPU
		{AE6EDE63-6D43-40BA-9CB8-06042E4D27A5}.Release|Any CPU.Build.0 = Release|Any CPU
	EndGlobalSection
	GlobalSection(SolutionProperties) = preSolution
		HideSolutionNode = FALSE
	EndGlobalSection
	GlobalSection(ExtensibilityGlobals) = postSolution
		SolutionGuid = {E09EE144-FB65-4ADC-9903-878DA0E10127}
	EndGlobalSection
EndGlobal
